hash: 7c5800e6d7abca58fe5278dd1727e9369cdf18b1a2da4532022337a46918e76f
updated: 2017-08-17T16:49:23.670174954-04:00
imports:
- name: github.com/stretchr/testify
  version: 69483b4bd14f5845b5a1e55bca19e954e827f1d0
  subpackages:
  - assert
- name: github.com/urfave/cli
  version: cfb38830724cc34fedffe9a2a29fb54fa9169cd1
testImports: []
